// !$*UTF8*$!
{
	archiveVersion = 1;
	classes = {
	};
	objectVersion = 56;
	objects = {

/* Begin PBXBuildFile section */
		EEBEE94229CF715700799F6E /* ContactAppApp.swift in Sources */ = {isa = PBXBuildFile; fileRef = EEBEE94129CF715700799F6E /* ContactAppApp.swift */; };
		EEBEE94629CF715800799F6E /* Assets.xcassets in Resources */ = {isa = PBXBuildFile; fileRef = EEBEE94529CF715800799F6E /* Assets.xcassets */; };
		EEBEE94929CF715800799F6E /* Preview Assets.xcassets in Resources */ = {isa = PBXBuildFile; fileRef = EEBEE94829CF715800799F6E /* Preview Assets.xcassets */; };
		EEBEE95329CF71BE00799F6E /* MainView.swift in Sources */ = {isa = PBXBuildFile; fileRef = EEBEE95229CF71BE00799F6E /* MainView.swift */; };
		EEBEE95529CF71E400799F6E /* PersonModel.swift in Sources */ = {isa = PBXBuildFile; fileRef = EEBEE95429CF71E400799F6E /* PersonModel.swift */; };
		EEBEE95729CF75DD00799F6E /* PersonLine.swift in Sources */ = {isa = PBXBuildFile; fileRef = EEBEE95629CF75DD00799F6E /* PersonLine.swift */; };
		EEBEE95A29CF77FF00799F6E /* MainViewModel.swift in Sources */ = {isa = PBXBuildFile; fileRef = EEBEE95929CF77FF00799F6E /* MainViewModel.swift */; };
		EEBEE95C29CF7B0A00799F6E /* ContactAppDB.sqlite in Resources */ = {isa = PBXBuildFile; fileRef = EEBEE95B29CF7B0A00799F6E /* ContactAppDB.sqlite */; };
		EEBEE96929CF7B4000799F6E /* FMDatabaseQueue.m in Sources */ = {isa = PBXBuildFile; fileRef = EEBEE95E29CF7B3F00799F6E /* FMDatabaseQueue.m */; };
		EEBEE96A29CF7B4000799F6E /* FMDatabase.m in Sources */ = {isa = PBXBuildFile; fileRef = EEBEE95F29CF7B3F00799F6E /* FMDatabase.m */; };
		EEBEE96B29CF7B4000799F6E /* FMDatabasePool.m in Sources */ = {isa = PBXBuildFile; fileRef = EEBEE96129CF7B3F00799F6E /* FMDatabasePool.m */; };
		EEBEE96C29CF7B4000799F6E /* FMDatabaseAdditions.m in Sources */ = {isa = PBXBuildFile; fileRef = EEBEE96429CF7B3F00799F6E /* FMDatabaseAdditions.m */; };
		EEBEE96D29CF7B4000799F6E /* FMResultSet.m in Sources */ = {isa = PBXBuildFile; fileRef = EEBEE96629CF7B4000799F6E /* FMResultSet.m */; };
		EEBEE96F29CF7BE300799F6E /* PersonDetailsView.swift in Sources */ = {isa = PBXBuildFile; fileRef = EEBEE96E29CF7BE300799F6E /* PersonDetailsView.swift */; };
		EEBEE97129CF843300799F6E /* PersonAddView.swift in Sources */ = {isa = PBXBuildFile; fileRef = EEBEE97029CF843300799F6E /* PersonAddView.swift */; };
		EEBEE97329CF84B600799F6E /* PersonDetailsViewModel.swift in Sources */ = {isa = PBXBuildFile; fileRef = EEBEE97229CF84B600799F6E /* PersonDetailsViewModel.swift */; };
		EEBEE97529CF878D00799F6E /* PersonAddViewModel.swift in Sources */ = {isa = PBXBuildFile; fileRef = EEBEE97429CF878D00799F6E /* PersonAddViewModel.swift */; };
/* End PBXBuildFile section */

/* Begin PBXFileReference section */
		EEBEE93E29CF715700799F6E /* ContactApp.app */ = {isa = PBXFileReference; explicitFileType = wrapper.application; includeInIndex = 0; path = ContactApp.app; sourceTree = BUILT_PRODUCTS_DIR; };
		EEBEE94129CF715700799F6E /* ContactAppApp.swift */ = {isa = PBXFileReference; lastKnownFileType = sourcecode.swift; path = ContactAppApp.swift; sourceTree = "<group>"; };
		EEBEE94529CF715800799F6E /* Assets.xcassets */ = {isa = PBXFileReference; lastKnownFileType = folder.assetcatalog; path = Assets.xcassets; sourceTree = "<group>"; };
		EEBEE94829CF715800799F6E /* Preview Assets.xcassets */ = {isa = PBXFileReference; lastKnownFileType = folder.assetcatalog; path = "Preview Assets.xcassets"; sourceTree = "<group>"; };
		EEBEE95229CF71BE00799F6E /* MainView.swift */ = {isa = PBXFileReference; lastKnownFileType = sourcecode.swift; path = MainView.swift; sourceTree = "<group>"; };
		EEBEE95429CF71E400799F6E /* PersonModel.swift */ = {isa = PBXFileReference; lastKnownFileType = sourcecode.swift; path = PersonModel.swift; sourceTree = "<group>"; };
		EEBEE95629CF75DD00799F6E /* PersonLine.swift */ = {isa = PBXFileReference; lastKnownFileType = sourcecode.swift; path = PersonLine.swift; sourceTree = "<group>"; };
		EEBEE95929CF77FF00799F6E /* MainViewModel.swift */ = {isa = PBXFileReference; lastKnownFileType = sourcecode.swift; path = MainViewModel.swift; sourceTree = "<group>"; };
		EEBEE95B29CF7B0A00799F6E /* ContactAppDB.sqlite */ = {isa = PBXFileReference; lastKnownFileType = file; path = ContactAppDB.sqlite; sourceTree = "<group>"; };
		EEBEE95D29CF7B3F00799F6E /* ContactApp-Bridging-Header.h */ = {isa = PBXFileReference; lastKnownFileType = sourcecode.c.h; path = "ContactApp-Bridging-Header.h"; sourceTree = "<group>"; };
		EEBEE95E29CF7B3F00799F6E /* FMDatabaseQueue.m */ = {isa = PBXFileReference; fileEncoding = 4; lastKnownFileType = sourcecode.c.objc; path = FMDatabaseQueue.m; sourceTree = "<group>"; };
		EEBEE95F29CF7B3F00799F6E /* FMDatabase.m */ = {isa = PBXFileReference; fileEncoding = 4; lastKnownFileType = sourcecode.c.objc; path = FMDatabase.m; sourceTree = "<group>"; };
		EEBEE96029CF7B3F00799F6E /* FMResultSet.h */ = {isa = PBXFileReference; fileEncoding = 4; lastKnownFileType = sourcecode.c.h; path = FMResultSet.h; sourceTree = "<group>"; };
		EEBEE96129CF7B3F00799F6E /* FMDatabasePool.m */ = {isa = PBXFileReference; fileEncoding = 4; lastKnownFileType = sourcecode.c.objc; path = FMDatabasePool.m; sourceTree = "<group>"; };
		EEBEE96229CF7B3F00799F6E /* FMDatabaseAdditions.h */ = {isa = PBXFileReference; fileEncoding = 4; lastKnownFileType = sourcecode.c.h; path = FMDatabaseAdditions.h; sourceTree = "<group>"; };
		EEBEE96329CF7B3F00799F6E /* FMDatabase.h */ = {isa = PBXFileReference; fileEncoding = 4; lastKnownFileType = sourcecode.c.h; path = FMDatabase.h; sourceTree = "<group>"; };
		EEBEE96429CF7B3F00799F6E /* FMDatabaseAdditions.m */ = {isa = PBXFileReference; fileEncoding = 4; lastKnownFileType = sourcecode.c.objc; path = FMDatabaseAdditions.m; sourceTree = "<group>"; };
		EEBEE96529CF7B4000799F6E /* FMDatabaseQueue.h */ = {isa = PBXFileReference; fileEncoding = 4; lastKnownFileType = sourcecode.c.h; path = FMDatabaseQueue.h; sourceTree = "<group>"; };
		EEBEE96629CF7B4000799F6E /* FMResultSet.m */ = {isa = PBXFileReference; fileEncoding = 4; lastKnownFileType = sourcecode.c.objc; path = FMResultSet.m; sourceTree = "<group>"; };
		EEBEE96729CF7B4000799F6E /* FMDB.h */ = {isa = PBXFileReference; fileEncoding = 4; lastKnownFileType = sourcecode.c.h; path = FMDB.h; sourceTree = "<group>"; };
		EEBEE96829CF7B4000799F6E /* FMDatabasePool.h */ = {isa = PBXFileReference; fileEncoding = 4; lastKnownFileType = sourcecode.c.h; path = FMDatabasePool.h; sourceTree = "<group>"; };
		EEBEE96E29CF7BE300799F6E /* PersonDetailsView.swift */ = {isa = PBXFileReference; lastKnownFileType = sourcecode.swift; path = PersonDetailsView.swift; sourceTree = "<group>"; };
		EEBEE97029CF843300799F6E /* PersonAddView.swift */ = {isa = PBXFileReference; lastKnownFileType = sourcecode.swift; path = PersonAddView.swift; sourceTree = "<group>"; };
		EEBEE97229CF84B600799F6E /* PersonDetailsViewModel.swift */ = {isa = PBXFileReference; lastKnownFileType = sourcecode.swift; path = PersonDetailsViewModel.swift; sourceTree = "<group>"; };
		EEBEE97429CF878D00799F6E /* PersonAddViewModel.swift */ = {isa = PBXFileReference; lastKnownFileType = sourcecode.swift; path = PersonAddViewModel.swift; sourceTree = "<group>"; };
/* End PBXFileReference section */

/* Begin PBXFrameworksBuildPhase section */
		EEBEE93B29CF715700799F6E /* Frameworks */ = {
			isa = PBXFrameworksBuildPhase;
			buildActionMask = 2147483647;
			files = (
			);
			runOnlyForDeploymentPostprocessing = 0;
		};
/* End PBXFrameworksBuildPhase section */

/* Begin PBXGroup section */
		EEBEE93529CF715700799F6E = {
			isa = PBXGroup;
			children = (
				EEBEE94029CF715700799F6E /* ContactApp */,
				EEBEE93F29CF715700799F6E /* Products */,
			);
			sourceTree = "<group>";
		};
		EEBEE93F29CF715700799F6E /* Products */ = {
			isa = PBXGroup;
			children = (
				EEBEE93E29CF715700799F6E /* ContactApp.app */,
			);
			name = Products;
			sourceTree = "<group>";
		};
		EEBEE94029CF715700799F6E /* ContactApp */ = {
			isa = PBXGroup;
			children = (
				EEBEE94129CF715700799F6E /* ContactAppApp.swift */,
				EEBEE95029CF718200799F6E /* Model */,
				EEBEE94F29CF717D00799F6E /* View */,
				EEBEE95129CF718900799F6E /* ViewModel */,
				EEBEE95829CF77C800799F6E /* SQLite */,
				EEBEE94529CF715800799F6E /* Assets.xcassets */,
				EEBEE94729CF715800799F6E /* Preview Content */,
			);
			path = ContactApp;
			sourceTree = "<group>";
		};
		EEBEE94729CF715800799F6E /* Preview Content */ = {
			isa = PBXGroup;
			children = (
				EEBEE94829CF715800799F6E /* Preview Assets.xcassets */,
			);
			path = "Preview Content";
			sourceTree = "<group>";
		};
		EEBEE94F29CF717D00799F6E /* View */ = {
			isa = PBXGroup;
			children = (
				EEBEE95229CF71BE00799F6E /* MainView.swift */,
				EEBEE95629CF75DD00799F6E /* PersonLine.swift */,
				EEBEE96E29CF7BE300799F6E /* PersonDetailsView.swift */,
				EEBEE97029CF843300799F6E /* PersonAddView.swift */,
			);
			path = View;
			sourceTree = "<group>";
		};
		EEBEE95029CF718200799F6E /* Model */ = {
			isa = PBXGroup;
			children = (
				EEBEE95429CF71E400799F6E /* PersonModel.swift */,
			);
			path = Model;
			sourceTree = "<group>";
		};
		EEBEE95129CF718900799F6E /* ViewModel */ = {
			isa = PBXGroup;
			children = (
				EEBEE95929CF77FF00799F6E /* MainViewModel.swift */,
				EEBEE97229CF84B600799F6E /* PersonDetailsViewModel.swift */,
				EEBEE97429CF878D00799F6E /* PersonAddViewModel.swift */,
			);
			path = ViewModel;
			sourceTree = "<group>";
		};
		EEBEE95829CF77C800799F6E /* SQLite */ = {
			isa = PBXGroup;
			children = (
				EEBEE95B29CF7B0A00799F6E /* ContactAppDB.sqlite */,
				EEBEE96329CF7B3F00799F6E /* FMDatabase.h */,
				EEBEE95F29CF7B3F00799F6E /* FMDatabase.m */,
				EEBEE96229CF7B3F00799F6E /* FMDatabaseAdditions.h */,
				EEBEE96429CF7B3F00799F6E /* FMDatabaseAdditions.m */,
				EEBEE96829CF7B4000799F6E /* FMDatabasePool.h */,
				EEBEE96129CF7B3F00799F6E /* FMDatabasePool.m */,
				EEBEE96529CF7B4000799F6E /* FMDatabaseQueue.h */,
				EEBEE95E29CF7B3F00799F6E /* FMDatabaseQueue.m */,
				EEBEE96729CF7B4000799F6E /* FMDB.h */,
				EEBEE96029CF7B3F00799F6E /* FMResultSet.h */,
				EEBEE96629CF7B4000799F6E /* FMResultSet.m */,
				EEBEE95D29CF7B3F00799F6E /* ContactApp-Bridging-Header.h */,
			);
			path = SQLite;
			sourceTree = "<group>";
		};
/* End PBXGroup section */

/* Begin PBXNativeTarget section */
		EEBEE93D29CF715700799F6E /* ContactApp */ = {
			isa = PBXNativeTarget;
			buildConfigurationList = EEBEE94C29CF715800799F6E /* Build configuration list for PBXNativeTarget "ContactApp" */;
			buildPhases = (
				EEBEE93A29CF715700799F6E /* Sources */,
				EEBEE93B29CF715700799F6E /* Frameworks */,
				EEBEE93C29CF715700799F6E /* Resources */,
			);
			buildRules = (
			);
			dependencies = (
			);
			name = ContactApp;
			productName = ContactApp;
			productReference = EEBEE93E29CF715700799F6E /* ContactApp.app */;
			productType = "com.apple.product-type.application";
		};
/* End PBXNativeTarget section */

/* Begin PBXProject section */
		EEBEE93629CF715700799F6E /* Project object */ = {
			isa = PBXProject;
			attributes = {
				BuildIndependentTargetsInParallel = 1;
				LastSwiftUpdateCheck = 1420;
				LastUpgradeCheck = 1420;
				TargetAttributes = {
					EEBEE93D29CF715700799F6E = {
						CreatedOnToolsVersion = 14.2;
						LastSwiftMigration = 1420;
					};
				};
			};
			buildConfigurationList = EEBEE93929CF715700799F6E /* Build configuration list for PBXProject "ContactApp" */;
			compatibilityVersion = "Xcode 14.0";
			developmentRegion = en;
			hasScannedForEncodings = 0;
			knownRegions = (
				en,
				Base,
			);
			mainGroup = EEBEE93529CF715700799F6E;
			productRefGroup = EEBEE93F29CF715700799F6E /* Products */;
			projectDirPath = "";
			projectRoot = "";
			targets = (
				EEBEE93D29CF715700799F6E /* ContactApp */,
			);
		};
/* End PBXProject section */

/* Begin PBXResourcesBuildPhase section */
		EEBEE93C29CF715700799F6E /* Resources */ = {
			isa = PBXResourcesBuildPhase;
			buildActionMask = 2147483647;
			files = (
				EEBEE94929CF715800799F6E /* Preview Assets.xcassets in Resources */,
				EEBEE94629CF715800799F6E /* Assets.xcassets in Resources */,
				EEBEE95C29CF7B0A00799F6E /* ContactAppDB.sqlite in Resources */,
			);
			runOnlyForDeploymentPostprocessing = 0;
		};
/* End PBXResourcesBuildPhase section */

/* Begin PBXSourcesBuildPhase section */
		EEBEE93A29CF715700799F6E /* Sources */ = {
			isa = PBXSourcesBuildPhase;
			buildActionMask = 2147483647;
			files = (
				EEBEE97329CF84B600799F6E /* PersonDetailsViewModel.swift in Sources */,
				EEBEE95A29CF77FF00799F6E /* MainViewModel.swift in Sources */,
				EEBEE95529CF71E400799F6E /* PersonModel.swift in Sources */,
				EEBEE95329CF71BE00799F6E /* MainView.swift in Sources */,
				EEBEE96A29CF7B4000799F6E /* FMDatabase.m in Sources */,
				EEBEE97529CF878D00799F6E /* PersonAddViewModel.swift in Sources */,
				EEBEE96D29CF7B4000799F6E /* FMResultSet.m in Sources */,
				EEBEE95729CF75DD00799F6E /* PersonLine.swift in Sources */,
				EEBEE96C29CF7B4000799F6E /* FMDatabaseAdditions.m in Sources */,
				EEBEE96F29CF7BE300799F6E /* PersonDetailsView.swift in Sources */,
				EEBEE96B29CF7B4000799F6E /* FMDatabasePool.m in Sources */,
				EEBEE97129CF843300799F6E /* PersonAddView.swift in Sources */,
				EEBEE94229CF715700799F6E /* ContactAppApp.swift in Sources */,
				EEBEE96929CF7B4000799F6E /* FMDatabaseQueue.m in Sources */,
			);
			runOnlyForDeploymentPostprocessing = 0;
		};
/* End PBXSourcesBuildPhase section */

/* Begin XCBuildConfiguration section */
		EEBEE94A29CF715800799F6E /* Debug */ = {
			isa = XCBuildConfiguration;
			buildSettings = {
				ALWAYS_SEARCH_USER_PATHS = NO;
				CLANG_ANALYZER_NONNULL = YES;
				CLANG_ANALYZER_NUMBER_OBJECT_CONVERSION = YES_AGGRESSIVE;
				CLANG_CXX_LANGUAGE_STANDARD = "gnu++20";
				CLANG_ENABLE_MODULES = YES;
				CLANG_ENABLE_OBJC_ARC = YES;
				CLANG_ENABLE_OBJC_WEAK = YES;
				CLANG_WARN_BLOCK_CAPTURE_AUTORELEASING = YES;
				CLANG_WARN_BOOL_CONVERSION = YES;
				CLANG_WARN_COMMA = YES;
				CLANG_WARN_CONSTANT_CONVERSION = YES;
				CLANG_WARN_DEPRECATED_OBJC_IMPLEMENTATIONS = YES;
				CLANG_WARN_DIRECT_OBJC_ISA_USAGE = YES_ERROR;
				CLANG_WARN_DOCUMENTATION_COMMENTS = YES;
				CLANG_WARN_EMPTY_BODY = YES;
				CLANG_WARN_ENUM_CONVERSION = YES;
				CLANG_WARN_INFINITE_RECURSION = YES;
				CLANG_WARN_INT_CONVERSION = YES;
				CLANG_WARN_NON_LITERAL_NULL_CONVERSION = YES;
				CLANG_WARN_OBJC_IMPLICIT_RETAIN_SELF = YES;
				CLANG_WARN_OBJC_LITERAL_CONVERSION = YES;
				CLANG_WARN_OBJC_ROOT_CLASS = YES_ERROR;
				CLANG_WARN_QUOTED_INCLUDE_IN_FRAMEWORK_HEADER = YES;
				CLANG_WARN_RANGE_LOOP_ANALYSIS = YES;
				CLANG_WARN_STRICT_PROTOTYPES = YES;
				CLANG_WARN_SUSPICIOUS_MOVE = YES;
				CLANG_WARN_UNGUARDED_AVAILABILITY = YES_AGGRESSIVE;
				CLANG_WARN_UNREACHABLE_CODE = YES;
				CLANG_WARN__DUPLICATE_METHOD_MATCH = YES;
				COPY_PHASE_STRIP = NO;
				DEBUG_INFORMATION_FORMAT = dwarf;
				ENABLE_STRICT_OBJC_MSGSEND = YES;
				ENABLE_TESTABILITY = YES;
				GCC_C_LANGUAGE_STANDARD = gnu11;
				GCC_DYNAMIC_NO_PIC = NO;
				GCC_NO_COMMON_BLOCKS = YES;
				GCC_OPTIMIZATION_LEVEL = 0;
				GCC_PREPROCESSOR_DEFINITIONS = (
					"DEBUG=1",
					"$(inherited)",
				);
				GCC_WARN_64_TO_32_BIT_CONVERSION = YES;
				GCC_WARN_ABOUT_RETURN_TYPE = YES_ERROR;
				GCC_WARN_UNDECLARED_SELECTOR = YES;
				GCC_WARN_UNINITIALIZED_AUTOS = YES_AGGRESSIVE;
				GCC_WARN_UNUSED_FUNCTION = YES;
				GCC_WARN_UNUSED_VARIABLE = YES;
				IPHONEOS_DEPLOYMENT_TARGET = 16.2;
				MTL_ENABLE_DEBUG_INFO = INCLUDE_SOURCE;
				MTL_FAST_MATH = YES;
				ONLY_ACTIVE_ARCH = YES;
				SDKROOT = iphoneos;
				SWIFT_ACTIVE_COMPILATION_CONDITIONS = DEBUG;
				SWIFT_OPTIMIZATION_LEVEL = "-Onone";
			};
			name = Debug;
		};
		EEBEE94B29CF715800799F6E /* Release */ = {
			isa = XCBuildConfiguration;
			buildSettings = {
				ALWAYS_SEARCH_USER_PATHS = NO;
				CLANG_ANALYZER_NONNULL = YES;
				CLANG_ANALYZER_NUMBER_OBJECT_CONVERSION = YES_AGGRESSIVE;
				CLANG_CXX_LANGUAGE_STANDARD = "gnu++20";
				CLANG_ENABLE_MODULES = YES;
				CLANG_ENABLE_OBJC_ARC = YES;
				CLANG_ENABLE_OBJC_WEAK = YES;
				CLANG_WARN_BLOCK_CAPTURE_AUTORELEASING = YES;
				CLANG_WARN_BOOL_CONVERSION = YES;
				CLANG_WARN_COMMA = YES;
				CLANG_WARN_CONSTANT_CONVERSION = YES;
				CLANG_WARN_DEPRECATED_OBJC_IMPLEMENTATIONS = YES;
				CLANG_WARN_DIRECT_OBJC_ISA_USAGE = YES_ERROR;
				CLANG_WARN_DOCUMENTATION_COMMENTS = YES;
				CLANG_WARN_EMPTY_BODY = YES;
				CLANG_WARN_ENUM_CONVERSION = YES;
				CLANG_WARN_INFINITE_RECURSION = YES;
				CLANG_WARN_INT_CONVERSION = YES;
				CLANG_WARN_NON_LITERAL_NULL_CONVERSION = YES;
				CLANG_WARN_OBJC_IMPLICIT_RETAIN_SELF = YES;
				CLANG_WARN_OBJC_LITERAL_CONVERSION = YES;
				CLANG_WARN_OBJC_ROOT_CLASS = YES_ERROR;
				CLANG_WARN_QUOTED_INCLUDE_IN_FRAMEWORK_HEADER = YES;
				CLANG_WARN_RANGE_LOOP_ANALYSIS = YES;
				CLANG_WARN_STRICT_PROTOTYPES = YES;
				CLANG_WARN_SUSPICIOUS_MOVE = YES;
				CLANG_WARN_UNGUARDED_AVAILABILITY = YES_AGGRESSIVE;
				CLANG_WARN_UNREACHABLE_CODE = YES;
				CLANG_WARN__DUPLICATE_METHOD_MATCH = YES;
				COPY_PHASE_STRIP = NO;
				DEBUG_INFORMATION_FORMAT = "dwarf-with-dsym";
				ENABLE_NS_ASSERTIONS = NO;
				ENABLE_STRICT_OBJC_MSGSEND = YES;
				GCC_C_LANGUAGE_STANDARD = gnu11;
				GCC_NO_COMMON_BLOCKS = YES;
				GCC_WARN_64_TO_32_BIT_CONVERSION = YES;
				GCC_WARN_ABOUT_RETURN_TYPE = YES_ERROR;
				GCC_WARN_UNDECLARED_SELECTOR = YES;
				GCC_WARN_UNINITIALIZED_AUTOS = YES_AGGRESSIVE;
				GCC_WARN_UNUSED_FUNCTION = YES;
				GCC_WARN_UNUSED_VARIABLE = YES;
				IPHONEOS_DEPLOYMENT_TARGET = 16.2;
				MTL_ENABLE_DEBUG_INFO = NO;
				MTL_FAST_MATH = YES;
				SDKROOT = iphoneos;
				SWIFT_COMPILATION_MODE = wholemodule;
				SWIFT_OPTIMIZATION_LEVEL = "-O";
				VALIDATE_PRODUCT = YES;
			};
			name = Release;
		};
		EEBEE94D29CF715800799F6E /* Debug */ = {
			isa = XCBuildConfiguration;
			buildSettings = {
				ASSETCATALOG_COMPILER_APPICON_NAME = AppIcon;
				ASSETCATALOG_COMPILER_GLOBAL_ACCENT_COLOR_NAME = AccentColor;
				CLANG_ENABLE_MODULES = YES;
				CODE_SIGN_STYLE = Automatic;
				CURRENT_PROJECT_VERSION = 1;
				DEVELOPMENT_ASSET_PATHS = "\"ContactApp/Preview Content\"";
				ENABLE_PREVIEWS = YES;
				GENERATE_INFOPLIST_FILE = YES;
				INFOPLIST_KEY_UIApplicationSceneManifest_Generation = YES;
				INFOPLIST_KEY_UIApplicationSupportsIndirectInputEvents = YES;
				INFOPLIST_KEY_UILaunchScreen_Generation = YES;
				INFOPLIST_KEY_UISupportedInterfaceOrientations_iPad = "UIInterfaceOrientationPortrait UIInterfaceOrientationPortraitUpsideDown UIInterfaceOrientationLandscapeLeft UIInterfaceOrientationLandscapeRight";
				INFOPLIST_KEY_UISupportedInterfaceOrientations_iPhone = "UIInterfaceOrientationPortrait UIInterfaceOrientationLandscapeLeft UIInterfaceOrientationLandscapeRight";
				LD_RUNPATH_SEARCH_PATHS = (
					"$(inherited)",
					"@executable_path/Frameworks",
				);
				MARKETING_VERSION = 1.0;
				PRODUCT_BUNDLE_IDENTIFIER = com.merturhan.ContactApp;
				PRODUCT_NAME = "$(TARGET_NAME)";
				SWIFT_EMIT_LOC_STRINGS = YES;
				SWIFT_OBJC_BRIDGING_HEADER = "ContactApp/SQLite/ContactApp-Bridging-Header.h";
				SWIFT_OPTIMIZATION_LEVEL = "-Onone";
				SWIFT_VERSION = 5.0;
				TARGETED_DEVICE_FAMILY = "1,2";
			};
			name = Debug;
		};
		EEBEE94E29CF715800799F6E /* Release */ = {
			isa = XCBuildConfiguration;
			buildSettings = {
				ASSETCATALOG_COMPILER_APPICON_NAME = AppIcon;
				ASSETCATALOG_COMPILER_GLOBAL_ACCENT_COLOR_NAME = AccentColor;
				CLANG_ENABLE_MODULES = YES;
				CODE_SIGN_STYLE = Automatic;
				CURRENT_PROJECT_VERSION = 1;
				DEVELOPMENT_ASSET_PATHS = "\"ContactApp/Preview Content\"";
				ENABLE_PREVIEWS = YES;
				GENERATE_INFOPLIST_FILE = YES;
				INFOPLIST_KEY_UIApplicationSceneManifest_Generation = YES;
				INFOPLIST_KEY_UIApplicationSupportsIndirectInputEvents = YES;
				INFOPLIST_KEY_UILaunchScreen_Generation = YES;
				INFOPLIST_KEY_UISupportedInterfaceOrientations_iPad = "UIInterfaceOrientationPortrait UIInterfaceOrientationPortraitUpsideDown UIInterfaceOrientationLandscapeLeft UIInterfaceOrientationLandscapeRight";
				INFOPLIST_KEY_UISupportedInterfaceOrientations_iPhone = "UIInterfaceOrientationPortrait UIInterfaceOrientationLandscapeLeft UIInterfaceOrientationLandscapeRight";
				LD_RUNPATH_SEARCH_PATHS = (
					"$(inherited)",
					"@executable_path/Frameworks",
				);
				MARKETING_VERSION = 1.0;
				PRODUCT_BUNDLE_IDENTIFIER = com.merturhan.ContactApp;
				PRODUCT_NAME = "$(TARGET_NAME)";
				SWIFT_EMIT_LOC_STRINGS = YES;
				SWIFT_OBJC_BRIDGING_HEADER = "ContactApp/SQLite/ContactApp-Bridging-Header.h";
				SWIFT_VERSION = 5.0;
				TARGETED_DEVICE_FAMILY = "1,2";
			};
			name = Release;
		};
/* End XCBuildConfiguration section */

/* Begin XCConfigurationList section */
		EEBEE93929CF715700799F6E /* Build configuration list for PBXProject "ContactApp" */ = {
			isa = XCConfigurationList;
			buildConfigurations = (
				EEBEE94A29CF715800799F6E /* Debug */,
				EEBEE94B29CF715800799F6E /* Release */,
			);
			defaultConfigurationIsVisible = 0;
			defaultConfigurationName = Release;
		};
		EEBEE94C29CF715800799F6E /* Build configuration list for PBXNativeTarget "ContactApp" */ = {
			isa = XCConfigurationList;
			buildConfigurations = (
				EEBEE94D29CF715800799F6E /* Debug */,
				EEBEE94E29CF715800799F6E /* Release */,
			);
			defaultConfigurationIsVisible = 0;
			defaultConfigurationName = Release;
		};
/* End XCConfigurationList section */
	};
	rootObject = EEBEE93629CF715700799F6E /* Project object */;
}
